
Microsoft Visual Studio Solution File, Format Version 12.00
# Visual Studio Version 17
VisualStudioVersion = 17.9.34723.18
MinimumVisualStudioVersion = 10.0.40219.1
Project("{FAE04EC0-301F-11D3-BF4B-00C04F79EFBC}") = "SampleDevopsApp", "SampleDevopsApp\SampleDevopsApp.csproj", "{2AB1BBCE-9A7F-4438-900C-785D8FB40AF1}"
EndProject
Global
	GlobalSection(SolutionConfigurationPlatforms) = preSolution
		Debug|Any CPU = Debug|Any CPU
		Release|Any CPU = Release|Any CPU
	EndGlobalSection
	GlobalSection(ProjectConfigurationPlatforms) = postSolution
		{2AB1BBCE-9A7F-4438-900C-785D8FB40AF1}.Debug|Any CPU.ActiveCfg = Debug|Any CPU
		{2AB1BBCE-9A7F-4438-900C-785D8FB40AF1}.Debug|Any CPU.Build.0 = Debug|Any CPU
		{2AB1BBCE-9A7F-4438-900C-785D8FB40AF1}.Release|Any CPU.ActiveCfg = Release|Any CPU
		{2AB1BBCE-9A7F-4438-900C-785D8FB40AF1}.Release|Any CPU.Build.0 = Release|Any CPU
	EndGlobalSection
	GlobalSection(SolutionProperties) = preSolution
		HideSolutionNode = FALSE
	EndGlobalSection
	GlobalSection(ExtensibilityGlobals) = postSolution
		SolutionGuid = {09DA3383-2E6D-4F0C-BF80-2614EC410941}
	EndGlobalSection
EndGlobal
